
Microsoft Visual Studio Solution File, Format Version 12.00
# Visual Studio Version 17
VisualStudioVersion = 17.11.35208.52
MinimumVisualStudioVersion = 10.0.40219.1
Project("{FAE04EC0-301F-11D3-BF4B-00C04F79EFBC}") = "BlogBlazorApp", "src\BlogBlazorApp\BlogBlazorApp.csproj", "{A28BFC45-DA1A-4AA0-A811-C74933EE2471}"
EndProject
Project("{FAE04EC0-301F-11D3-BF4B-00C04F79EFBC}") = "BlogBlazorApp.Client", "src\BlogBlazorApp.Client\BlogBlazorApp.Client.csproj", "{067E7D11-3E35-4094-934A-4634970B528F}"
EndProject
Project("{2150E333-8FDC-42A3-9474-1A3956D46DE8}") = "Solution Items", "Solution Items", "{159BEA0A-5A8B-4711-8E4B-73A5D73912B3}"
	ProjectSection(SolutionItems) = preProject
		.editorconfig = .editorconfig
	EndProjectSection
EndProject
Global
	GlobalSection(SolutionConfigurationPlatforms) = preSolution
		Debug|Any CPU = Debug|Any CPU
		Release|Any CPU = Release|Any CPU
	EndGlobalSection
	GlobalSection(ProjectConfigurationPlatforms) = postSolution
		{A28BFC45-DA1A-4AA0-A811-C74933EE2471}.Debug|Any CPU.ActiveCfg = Debug|Any CPU
		{A28BFC45-DA1A-4AA0-A811-C74933EE2471}.Debug|Any CPU.Build.0 = Debug|Any CPU
		{A28BFC45-DA1A-4AA0-A811-C74933EE2471}.Release|Any CPU.ActiveCfg = Release|Any CPU
		{A28BFC45-DA1A-4AA0-A811-C74933EE2471}.Release|Any CPU.Build.0 = Release|Any CPU
		{067E7D11-3E35-4094-934A-4634970B528F}.Debug|Any CPU.ActiveCfg = Debug|Any CPU
		{067E7D11-3E35-4094-934A-4634970B528F}.Debug|Any CPU.Build.0 = Debug|Any CPU
		{067E7D11-3E35-4094-934A-4634970B528F}.Release|Any CPU.ActiveCfg = Release|Any CPU
		{067E7D11-3E35-4094-934A-4634970B528F}.Release|Any CPU.Build.0 = Release|Any CPU
	EndGlobalSection
	GlobalSection(SolutionProperties) = preSolution
		HideSolutionNode = FALSE
	EndGlobalSection
	GlobalSection(ExtensibilityGlobals) = postSolution
		SolutionGuid = {EE2ED1C8-0965-4568-8DBB-77676ECFA411}
	EndGlobalSection
EndGlobal
